
Microsoft Visual Studio Solution File, Format Version 12.00
# Visual Studio Version 16
VisualStudioVersion = 16.0.30104.148
MinimumVisualStudioVersion = 10.0.40219.1
Project("{FAE04EC0-301F-11D3-BF4B-00C04F79EFBC}") = "1ZD", "1ZD\1ZD.csproj", "{89B2DF6F-3C85-487D-80E6-5E19F17DEE45}"
EndProject
Global
	GlobalSection(SolutionConfigurationPlatforms) = preSolution
		Debug|Any CPU = Debug|Any CPU
		Release|Any CPU = Release|Any CPU
	EndGlobalSection
	GlobalSection(ProjectConfigurationPlatforms) = postSolution
		{89B2DF6F-3C85-487D-80E6-5E19F17DEE45}.Debug|Any CPU.ActiveCfg = Debug|Any CPU
		{89B2DF6F-3C85-487D-80E6-5E19F17DEE45}.Debug|Any CPU.Build.0 = Debug|Any CPU
		{89B2DF6F-3C85-487D-80E6-5E19F17DEE45}.Release|Any CPU.ActiveCfg = Release|Any CPU
		{89B2DF6F-3C85-487D-80E6-5E19F17DEE45}.Release|Any CPU.Build.0 = Release|Any CPU
	EndGlobalSection
	GlobalSection(SolutionProperties) = preSolution
		HideSolutionNode = FALSE
	EndGlobalSection
	GlobalSection(ExtensibilityGlobals) = postSolution
		SolutionGuid = {E617B0B8-4B66-4163-9888-830944F9C64A}
	EndGlobalSection
EndGlobal
